{
  "name": "wx-key-replace",
  "version": "1.0.0",
  "lockfileVersion": 1,
  "requires": true,
  "dependencies": {
    "@types/node": {
      "version": "12.12.21",
      "resolved": "https://registry.npm.taobao.org/@types/node/download/@types/node-12.12.21.tgz?cache=0&sync_timestamp=1576680040236&other_urls=https%3A%2F%2Fregistry.npm.taobao.org%2F%40types%2Fnode%2Fdownload%2F%40types%2Fnode-12.12.21.tgz",
      "integrity": "sha1-qkSmNjKRxwNxEcR+RmGtIQre0j8=",
      "dev": true
    },
    "typescript": {
      "version": "3.7.4",
      "resolved": "https://registry.npm.taobao.org/typescript/download/typescript-3.7.4.tgz",
      "integrity": "sha1-F0Ol7F/vah+p8+RwjjPIHHOHbBk=",
      "dev": true
    }
  }
}
